<?xml version="1.0" encoding="utf-8"?>
<Project ToolsVersion="4.0" xmlns="http://schemas.microsoft.com/developer/msbuild/2003">
  <ItemGroup>
    <ClCompile Include="pipeline.cpp" />
    <ClCompile Include="vulkinTestApp.cpp" />
    <ClCompile Include="stdafx.cpp" />
    <ClCompile Include="imgui\imgui.cpp">
      <Filter>imgui</Filter>
    </ClCompile>
    <ClCompile Include="imgui\imgui_demo.cpp">
      <Filter>imgui</Filter>
    </ClCompile>
    <ClCompile Include="imgui\imgui_draw.cpp">
      <Filter>imgui</Filter>
    </ClCompile>
    <ClCompile Include="imgui\imgui_tables.cpp">
      <Filter>imgui</Filter>
    </ClCompile>
    <ClCompile Include="imgui\imgui_widgets.cpp">
      <Filter>imgui</Filter>
    </ClCompile>
    <ClCompile Include="imgui\backends\imgui_impl_vulkan.cpp">
      <Filter>imgui</Filter>
    </ClCompile>
    <ClCompile Include="imgui\backends\imgui_impl_glfw.cpp">
      <Filter>imgui</Filter>
    </ClCompile>
    <ClCompile Include="window.cpp" />
    <ClCompile Include="deviceContext.cpp" />
    <ClCompile Include="util.cpp" />
    <ClCompile Include="io.cpp" />
    <ClCompile Include="scene.cpp" />
    <ClCompile Include="renderer.cpp" />
  </ItemGroup>
  <ItemGroup>
    <ClInclude Include="camera.h" />
    <ClInclude Include="common.h" />
    <ClInclude Include="debug.h" />
    <ClInclude Include="GeoBuilder.h" />
    <ClInclude Include="input.h" />
    <ClInclude Include="io.h" />
    <ClInclude Include="pipeline.h" />
    <ClInclude Include="stb_image.h" />
    <ClInclude Include="stdafx.h" />
    <ClInclude Include="swapChain.h" />
    <ClInclude Include="targetver.h" />
    <ClInclude Include="shaders\globals.h">
      <Filter>Shaders</Filter>
    </ClInclude>
    <ClInclude Include="imgui\imconfig.h">
      <Filter>imgui</Filter>
    </ClInclude>
    <ClInclude Include="imgui\imgui.h">
      <Filter>imgui</Filter>
    </ClInclude>
    <ClInclude Include="imgui\imgui_internal.h">
      <Filter>imgui</Filter>
    </ClInclude>
    <ClInclude Include="imgui\imstb_rectpack.h">
      <Filter>imgui</Filter>
    </ClInclude>
    <ClInclude Include="imgui\imstb_textedit.h">
      <Filter>imgui</Filter>
    </ClInclude>
    <ClInclude Include="imgui\imstb_truetype.h">
      <Filter>imgui</Filter>
    </ClInclude>
    <ClInclude Include="imgui\backends\imgui_impl_vulkan.h">
      <Filter>imgui</Filter>
    </ClInclude>
    <ClInclude Include="deviceContext.h" />
    <ClInclude Include="window.h" />
    <ClInclude Include="FrameState.h" />
    <ClInclude Include="renderConstants.h" />
    <ClInclude Include="scene.h" />
    <ClInclude Include="assetLib.h" />
    <ClInclude Include="util.h" />
    <ClInclude Include="renderer.h" />
    <ClInclude Include="allocator.h" />
    <ClInclude Include="gpuResources.h" />
  </ItemGroup>
  <ItemGroup>
    <None Include="glsl_compile.bat">
      <Filter>Shaders</Filter>
    </None>
    <None Include="shaders\skybox.frag">
      <Filter>Shaders</Filter>
    </None>
    <None Include="shaders\skybox.vert">
      <Filter>Shaders</Filter>
    </None>
    <None Include="shaders\lit.frag">
      <Filter>Shaders</Filter>
    </None>
    <None Include="shaders\terrain.frag">
      <Filter>Shaders</Filter>
    </None>
    <None Include="shaders\terrain.vert">
      <Filter>Shaders</Filter>
    </None>
    <None Include="shaders\vertexSimple.vert">
      <Filter>Shaders</Filter>
    </None>
    <None Include="shaders\depth.frag">
      <Filter>Shaders</Filter>
    </None>
    <None Include="shaders\shadow.frag">
      <Filter>Shaders</Filter>
    </None>
    <None Include="shaders\postProcess.frag">
      <Filter>Shaders</Filter>
    </None>
    <None Include="shaders\vertexDefault.vert">
      <Filter>Shaders</Filter>
    </None>
    <None Include="shaders\emissive.frag">
      <Filter>Shaders</Filter>
    </None>
    <None Include="shaders\tree.vert">
      <Filter>Shaders</Filter>
    </None>
    <None Include="shaders\pixelSimple.frag">
      <Filter>Shaders</Filter>
    </None>
  </ItemGroup>
  <ItemGroup>
    <Filter Include="Shaders">
      <UniqueIdentifier>{560cce8d-e0a9-4227-bef7-b0e8ec17db07}</UniqueIdentifier>
    </Filter>
    <Filter Include="imgui">
      <UniqueIdentifier>{90cea79c-20c6-4910-b690-2955a612a086}</UniqueIdentifier>
    </Filter>
  </ItemGroup>
</Project>