
Microsoft Visual Studio Solution File, Format Version 12.00
# Visual Studio Version 16
VisualStudioVersion = 16.0.31005.135
MinimumVisualStudioVersion = 10.0.40219.1
Project("{8BC9CEB8-8B4A-11D0-8D11-00A0C91BC942}") = "renderer", "vkRenderer\vkRenderer.vcxproj", "{8596C8E2-5174-4549-90DD-A8A7250C1CBC}"
EndProject
Project("{8BC9CEB8-8B4A-11D0-8D11-00A0C91BC942}") = "GfxCore", "..\..\GfxCore\GfxCore.vcxproj", "{3DE9A00C-B04B-43AB-943D-1973C47DECE3}"
EndProject
Project("{8BC9CEB8-8B4A-11D0-8D11-00A0C91BC942}") = "Chess", "..\..\Chess\Chess\Chess.vcxproj", "{426689D7-93F3-4BED-B582-90F8713FE45D}"
EndProject
Project("{8BC9CEB8-8B4A-11D0-8D11-00A0C91BC942}") = "SysCore", "..\..\SysCore\SysCore\SysCore.vcxproj", "{01728A43-DA97-4BC6-8EDF-F17CB75E7967}"
EndProject
Project("{8BC9CEB8-8B4A-11D0-8D11-00A0C91BC942}") = "RayTracer", "..\..\Raytracer-Graphic-Pipeline-master\RayTracer.vcxproj", "{5A3A1D7E-43F5-41D1-AF37-D75DFD0DBC49}"
EndProject
Project("{8BC9CEB8-8B4A-11D0-8D11-00A0C91BC942}") = "wintendoCore", "..\..\nesEmu\wintendo\wintendoCore\wintendo.vcxproj", "{F89DD5F8-F02F-43B5-A687-6E61449D54B0}"
EndProject
Project("{8BC9CEB8-8B4A-11D0-8D11-00A0C91BC942}") = "AssetConverter", "AssetConverter\AssetConverter.vcxproj", "{11A9154E-560C-4CEB-AE50-0A0B661612BB}"
EndProject
Global
	GlobalSection(SolutionConfigurationPlatforms) = preSolution
		Debug|x64 = Debug|x64
		Debug|x86 = Debug|x86
		Release|x64 = Release|x64
		Release|x86 = Release|x86
		Test (Debug)|x64 = Test (Debug)|x64
		Test (Debug)|x86 = Test (Debug)|x86
	EndGlobalSection
	GlobalSection(ProjectConfigurationPlatforms) = postSolution
		{8596C8E2-5174-4549-90DD-A8A7250C1CBC}.Debug|x64.ActiveCfg = Debug|x64
		{8596C8E2-5174-4549-90DD-A8A7250C1CBC}.Debug|x64.Build.0 = Debug|x64
		{8596C8E2-5174-4549-90DD-A8A7250C1CBC}.Debug|x86.ActiveCfg = Debug|Win32
		{8596C8E2-5174-4549-90DD-A8A7250C1CBC}.Debug|x86.Build.0 = Debug|Win32
		{8596C8E2-5174-4549-90DD-A8A7250C1CBC}.Release|x64.ActiveCfg = Release|x64
		{8596C8E2-5174-4549-90DD-A8A7250C1CBC}.Release|x64.Build.0 = Release|x64
		{8596C8E2-5174-4549-90DD-A8A7250C1CBC}.Release|x86.ActiveCfg = Release|Win32
		{8596C8E2-5174-4549-90DD-A8A7250C1CBC}.Release|x86.Build.0 = Release|Win32
		{8596C8E2-5174-4549-90DD-A8A7250C1CBC}.Test (Debug)|x64.ActiveCfg = Debug|x64
		{8596C8E2-5174-4549-90DD-A8A7250C1CBC}.Test (Debug)|x64.Build.0 = Debug|x64
		{8596C8E2-5174-4549-90DD-A8A7250C1CBC}.Test (Debug)|x86.ActiveCfg = Debug|Win32
		{8596C8E2-5174-4549-90DD-A8A7250C1CBC}.Test (Debug)|x86.Build.0 = Debug|Win32
		{3DE9A00C-B04B-43AB-943D-1973C47DECE3}.Debug|x64.ActiveCfg = Debug|x64
		{3DE9A00C-B04B-43AB-943D-1973C47DECE3}.Debug|x64.Build.0 = Debug|x64
		{3DE9A00C-B04B-43AB-943D-1973C47DECE3}.Debug|x86.ActiveCfg = Debug|Win32
		{3DE9A00C-B04B-43AB-943D-1973C47DECE3}.Debug|x86.Build.0 = Debug|Win32
		{3DE9A00C-B04B-43AB-943D-1973C47DECE3}.Release|x64.ActiveCfg = Release|x64
		{3DE9A00C-B04B-43AB-943D-1973C47DECE3}.Release|x64.Build.0 = Release|x64
		{3DE9A00C-B04B-43AB-943D-1973C47DECE3}.Release|x86.ActiveCfg = Release|Win32
		{3DE9A00C-B04B-43AB-943D-1973C47DECE3}.Release|x86.Build.0 = Release|Win32
		{3DE9A00C-B04B-43AB-943D-1973C47DECE3}.Test (Debug)|x64.ActiveCfg = Test (Debug)|x64
		{3DE9A00C-B04B-43AB-943D-1973C47DECE3}.Test (Debug)|x64.Build.0 = Test (Debug)|x64
		{3DE9A00C-B04B-43AB-943D-1973C47DECE3}.Test (Debug)|x86.ActiveCfg = Test (Debug)|Win32
		{3DE9A00C-B04B-43AB-943D-1973C47DECE3}.Test (Debug)|x86.Build.0 = Test (Debug)|Win32
		{426689D7-93F3-4BED-B582-90F8713FE45D}.Debug|x64.ActiveCfg = Debug|x64
		{426689D7-93F3-4BED-B582-90F8713FE45D}.Debug|x64.Build.0 = Debug|x64
		{426689D7-93F3-4BED-B582-90F8713FE45D}.Debug|x86.ActiveCfg = Debug|Win32
		{426689D7-93F3-4BED-B582-90F8713FE45D}.Debug|x86.Build.0 = Debug|Win32
		{426689D7-93F3-4BED-B582-90F8713FE45D}.Release|x64.ActiveCfg = Release|x64
		{426689D7-93F3-4BED-B582-90F8713FE45D}.Release|x64.Build.0 = Release|x64
		{426689D7-93F3-4BED-B582-90F8713FE45D}.Release|x86.ActiveCfg = Release|Win32
		{426689D7-93F3-4BED-B582-90F8713FE45D}.Release|x86.Build.0 = Release|Win32
		{426689D7-93F3-4BED-B582-90F8713FE45D}.Test (Debug)|x64.ActiveCfg = Debug|x64
		{426689D7-93F3-4BED-B582-90F8713FE45D}.Test (Debug)|x64.Build.0 = Debug|x64
		{426689D7-93F3-4BED-B582-90F8713FE45D}.Test (Debug)|x86.ActiveCfg = Debug|Win32
		{426689D7-93F3-4BED-B582-90F8713FE45D}.Test (Debug)|x86.Build.0 = Debug|Win32
		{01728A43-DA97-4BC6-8EDF-F17CB75E7967}.Debug|x64.ActiveCfg = Debug|x64
		{01728A43-DA97-4BC6-8EDF-F17CB75E7967}.Debug|x64.Build.0 = Debug|x64
		{01728A43-DA97-4BC6-8EDF-F17CB75E7967}.Debug|x86.ActiveCfg = Debug|Win32
		{01728A43-DA97-4BC6-8EDF-F17CB75E7967}.Debug|x86.Build.0 = Debug|Win32
		{01728A43-DA97-4BC6-8EDF-F17CB75E7967}.Release|x64.ActiveCfg = Release|x64
		{01728A43-DA97-4BC6-8EDF-F17CB75E7967}.Release|x64.Build.0 = Release|x64
		{01728A43-DA97-4BC6-8EDF-F17CB75E7967}.Release|x86.ActiveCfg = Release|Win32
		{01728A43-DA97-4BC6-8EDF-F17CB75E7967}.Release|x86.Build.0 = Release|Win32
		{01728A43-DA97-4BC6-8EDF-F17CB75E7967}.Test (Debug)|x64.ActiveCfg = Debug|x64
		{01728A43-DA97-4BC6-8EDF-F17CB75E7967}.Test (Debug)|x64.Build.0 = Debug|x64
		{01728A43-DA97-4BC6-8EDF-F17CB75E7967}.Test (Debug)|x86.ActiveCfg = Debug|Win32
		{01728A43-DA97-4BC6-8EDF-F17CB75E7967}.Test (Debug)|x86.Build.0 = Debug|Win32
		{5A3A1D7E-43F5-41D1-AF37-D75DFD0DBC49}.Debug|x64.ActiveCfg = Debug|x64
		{5A3A1D7E-43F5-41D1-AF37-D75DFD0DBC49}.Debug|x64.Build.0 = Debug|x64
		{5A3A1D7E-43F5-41D1-AF37-D75DFD0DBC49}.Debug|x86.ActiveCfg = Debug|Win32
		{5A3A1D7E-43F5-41D1-AF37-D75DFD0DBC49}.Debug|x86.Build.0 = Debug|Win32
		{5A3A1D7E-43F5-41D1-AF37-D75DFD0DBC49}.Release|x64.ActiveCfg = Release|x64
		{5A3A1D7E-43F5-41D1-AF37-D75DFD0DBC49}.Release|x64.Build.0 = Release|x64
		{5A3A1D7E-43F5-41D1-AF37-D75DFD0DBC49}.Release|x86.ActiveCfg = Release|Win32
		{5A3A1D7E-43F5-41D1-AF37-D75DFD0DBC49}.Release|x86.Build.0 = Release|Win32
		{5A3A1D7E-43F5-41D1-AF37-D75DFD0DBC49}.Test (Debug)|x64.ActiveCfg = Debug|x64
		{5A3A1D7E-43F5-41D1-AF37-D75DFD0DBC49}.Test (Debug)|x64.Build.0 = Debug|x64
		{5A3A1D7E-43F5-41D1-AF37-D75DFD0DBC49}.Test (Debug)|x86.ActiveCfg = Debug|Win32
		{5A3A1D7E-43F5-41D1-AF37-D75DFD0DBC49}.Test (Debug)|x86.Build.0 = Debug|Win32
		{F89DD5F8-F02F-43B5-A687-6E61449D54B0}.Debug|x64.ActiveCfg = Debug|x64
		{F89DD5F8-F02F-43B5-A687-6E61449D54B0}.Debug|x64.Build.0 = Debug|x64
		{F89DD5F8-F02F-43B5-A687-6E61449D54B0}.Debug|x86.ActiveCfg = Debug|Win32
		{F89DD5F8-F02F-43B5-A687-6E61449D54B0}.Debug|x86.Build.0 = Debug|Win32
		{F89DD5F8-F02F-43B5-A687-6E61449D54B0}.Release|x64.ActiveCfg = Release|x64
		{F89DD5F8-F02F-43B5-A687-6E61449D54B0}.Release|x64.Build.0 = Release|x64
		{F89DD5F8-F02F-43B5-A687-6E61449D54B0}.Release|x86.ActiveCfg = Release|Win32
		{F89DD5F8-F02F-43B5-A687-6E61449D54B0}.Release|x86.Build.0 = Release|Win32
		{F89DD5F8-F02F-43B5-A687-6E61449D54B0}.Test (Debug)|x64.ActiveCfg = Debug|x64
		{F89DD5F8-F02F-43B5-A687-6E61449D54B0}.Test (Debug)|x64.Build.0 = Debug|x64
		{F89DD5F8-F02F-43B5-A687-6E61449D54B0}.Test (Debug)|x86.ActiveCfg = Debug|Win32
		{F89DD5F8-F02F-43B5-A687-6E61449D54B0}.Test (Debug)|x86.Build.0 = Debug|Win32
		{11A9154E-560C-4CEB-AE50-0A0B661612BB}.Debug|x64.ActiveCfg = Debug|x64
		{11A9154E-560C-4CEB-AE50-0A0B661612BB}.Debug|x64.Build.0 = Debug|x64
		{11A9154E-560C-4CEB-AE50-0A0B661612BB}.Debug|x86.ActiveCfg = Debug|Win32
		{11A9154E-560C-4CEB-AE50-0A0B661612BB}.Debug|x86.Build.0 = Debug|Win32
		{11A9154E-560C-4CEB-AE50-0A0B661612BB}.Release|x64.ActiveCfg = Release|x64
		{11A9154E-560C-4CEB-AE50-0A0B661612BB}.Release|x64.Build.0 = Release|x64
		{11A9154E-560C-4CEB-AE50-0A0B661612BB}.Release|x86.ActiveCfg = Release|Win32
		{11A9154E-560C-4CEB-AE50-0A0B661612BB}.Release|x86.Build.0 = Release|Win32
		{11A9154E-560C-4CEB-AE50-0A0B661612BB}.Test (Debug)|x64.ActiveCfg = Debug|x64
		{11A9154E-560C-4CEB-AE50-0A0B661612BB}.Test (Debug)|x64.Build.0 = Debug|x64
		{11A9154E-560C-4CEB-AE50-0A0B661612BB}.Test (Debug)|x86.ActiveCfg = Debug|Win32
		{11A9154E-560C-4CEB-AE50-0A0B661612BB}.Test (Debug)|x86.Build.0 = Debug|Win32
	EndGlobalSection
	GlobalSection(SolutionProperties) = preSolution
		HideSolutionNode = FALSE
	EndGlobalSection
	GlobalSection(ExtensibilityGlobals) = postSolution
		SolutionGuid = {BE4D6277-6885-4734-BB49-A3A081236227}
	EndGlobalSection
EndGlobal
